
Microsoft Visual Studio Solution File, Format Version 12.00
# Visual Studio 15
VisualStudioVersion = 15.0.26228.9
MinimumVisualStudioVersion = 10.0.40219.1
Project("{FAE04EC0-301F-11D3-BF4B-00C04F79EFBC}") = "CSharpCalculator.BO", "CSharpCalculator.BO\CSharpCalculator.BO.csproj", "{6C0458FA-069C-4DFB-AE97-9F637F64EDFA}"
EndProject
Project("{FAE04EC0-301F-11D3-BF4B-00C04F79EFBC}") = "CSharpCalculator.BO.Test", "CSharpCalculator.BO.Test\CSharpCalculator.BO.Test.csproj", "{B38B2D01-F606-4D9D-B19E-026A84094DDB}"
EndProject
Project("{FAE04EC0-301F-11D3-BF4B-00C04F79EFBC}") = "CalculatorUI", "CalculatorUI\CalculatorUI.csproj", "{F0322519-466F-4589-AC67-7F328C0AE83A}"
EndProject
Global
	GlobalSection(SolutionConfigurationPlatforms) = preSolution
		Debug|Any CPU = Debug|Any CPU
		Release|Any CPU = Release|Any CPU
	EndGlobalSection
	GlobalSection(ProjectConfigurationPlatforms) = postSolution
		{6C0458FA-069C-4DFB-AE97-9F637F64EDFA}.Debug|Any CPU.ActiveCfg = Debug|Any CPU
		{6C0458FA-069C-4DFB-AE97-9F637F64EDFA}.Debug|Any CPU.Build.0 = Debug|Any CPU
		{6C0458FA-069C-4DFB-AE97-9F637F64EDFA}.Release|Any CPU.ActiveCfg = Release|Any CPU
		{6C0458FA-069C-4DFB-AE97-9F637F64EDFA}.Release|Any CPU.Build.0 = Release|Any CPU
		{B38B2D01-F606-4D9D-B19E-026A84094DDB}.Debug|Any CPU.ActiveCfg = Debug|Any CPU
		{B38B2D01-F606-4D9D-B19E-026A84094DDB}.Debug|Any CPU.Build.0 = Debug|Any CPU
		{B38B2D01-F606-4D9D-B19E-026A84094DDB}.Release|Any CPU.ActiveCfg = Release|Any CPU
		{B38B2D01-F606-4D9D-B19E-026A84094DDB}.Release|Any CPU.Build.0 = Release|Any CPU
		{F0322519-466F-4589-AC67-7F328C0AE83A}.Debug|Any CPU.ActiveCfg = Debug|Any CPU
		{F0322519-466F-4589-AC67-7F328C0AE83A}.Debug|Any CPU.Build.0 = Debug|Any CPU
		{F0322519-466F-4589-AC67-7F328C0AE83A}.Release|Any CPU.ActiveCfg = Release|Any CPU
		{F0322519-466F-4589-AC67-7F328C0AE83A}.Release|Any CPU.Build.0 = Release|Any CPU
	EndGlobalSection
	GlobalSection(SolutionProperties) = preSolution
		HideSolutionNode = FALSE
	EndGlobalSection
EndGlobal
